
Microsoft Visual Studio Solution File, Format Version 12.00
Project("{FAE04EC0-301F-11D3-BF4B-00C04F79EFBC}") = "FortniteV2", "FortniteV2\FortniteV2.csproj", "{C6F237D0-C73D-4A4A-9D83-AEB48FD8D5FD}"
EndProject
Global
	GlobalSection(SolutionConfigurationPlatforms) = preSolution
		Debug|Any CPU = Debug|Any CPU
		Release|Any CPU = Release|Any CPU
	EndGlobalSection
	GlobalSection(ProjectConfigurationPlatforms) = postSolution
		{C6F237D0-C73D-4A4A-9D83-AEB48FD8D5FD}.Debug|Any CPU.ActiveCfg = Debug|Any CPU
		{C6F237D0-C73D-4A4A-9D83-AEB48FD8D5FD}.Debug|Any CPU.Build.0 = Debug|Any CPU
		{C6F237D0-C73D-4A4A-9D83-AEB48FD8D5FD}.Release|Any CPU.ActiveCfg = Release|Any CPU
		{C6F237D0-C73D-4A4A-9D83-AEB48FD8D5FD}.Release|Any CPU.Build.0 = Release|Any CPU
	EndGlobalSection
EndGlobal
